
Microsoft Visual Studio Solution File, Format Version 12.00
# Visual Studio Version 17
VisualStudioVersion = 17.4.33205.214
MinimumVisualStudioVersion = 10.0.40219.1
Project("{FAE04EC0-301F-11D3-BF4B-00C04F79EFBC}") = "EasyCryptoV5", "EasyCryptoV5\EasyCryptoV5.csproj", "{9B7128E5-58EE-4F8B-B4B4-8F2CBC022FAA}"
EndProject
Global
	GlobalSection(SolutionConfigurationPlatforms) = preSolution
		Debug|Any CPU = Debug|Any CPU
		Release|Any CPU = Release|Any CPU
	EndGlobalSection
	GlobalSection(ProjectConfigurationPlatforms) = postSolution
		{9B7128E5-58EE-4F8B-B4B4-8F2CBC022FAA}.Debug|Any CPU.ActiveCfg = Debug|Any CPU
		{9B7128E5-58EE-4F8B-B4B4-8F2CBC022FAA}.Debug|Any CPU.Build.0 = Debug|Any CPU
		{9B7128E5-58EE-4F8B-B4B4-8F2CBC022FAA}.Release|Any CPU.ActiveCfg = Release|Any CPU
		{9B7128E5-58EE-4F8B-B4B4-8F2CBC022FAA}.Release|Any CPU.Build.0 = Release|Any CPU
	EndGlobalSection
	GlobalSection(SolutionProperties) = preSolution
		HideSolutionNode = FALSE
	EndGlobalSection
	GlobalSection(ExtensibilityGlobals) = postSolution
		SolutionGuid = {59FEA6F6-575F-4F30-A397-CCC72FBE6E9C}
	EndGlobalSection
EndGlobal
